
Microsoft Visual Studio Solution File, Format Version 12.00
# Visual Studio Version 17
VisualStudioVersion = 17.3.32519.111
MinimumVisualStudioVersion = 10.0.40219.1
Project("{FAE04EC0-301F-11D3-BF4B-00C04F79EFBC}") = "Slack.UI.WPF", "Slack\Slack.UI.WPF.csproj", "{87994669-C619-4DC1-96A2-0F8ED17C53E8}"
EndProject
Global
	GlobalSection(SolutionConfigurationPlatforms) = preSolution
		Debug|Any CPU = Debug|Any CPU
		Release|Any CPU = Release|Any CPU
	EndGlobalSection
	GlobalSection(ProjectConfigurationPlatforms) = postSolution
		{87994669-C619-4DC1-96A2-0F8ED17C53E8}.Debug|Any CPU.ActiveCfg = Debug|Any CPU
		{87994669-C619-4DC1-96A2-0F8ED17C53E8}.Debug|Any CPU.Build.0 = Debug|Any CPU
		{87994669-C619-4DC1-96A2-0F8ED17C53E8}.Release|Any CPU.ActiveCfg = Release|Any CPU
		{87994669-C619-4DC1-96A2-0F8ED17C53E8}.Release|Any CPU.Build.0 = Release|Any CPU
	EndGlobalSection
	GlobalSection(SolutionProperties) = preSolution
		HideSolutionNode = FALSE
	EndGlobalSection
	GlobalSection(ExtensibilityGlobals) = postSolution
		SolutionGuid = {0FC325B6-2C35-4C0A-A5C6-C45BDD7C3D67}
	EndGlobalSection
EndGlobal
